
Microsoft Visual Studio Solution File, Format Version 12.00
# Visual Studio Version 17
VisualStudioVersion = 17.6.33801.468
MinimumVisualStudioVersion = 10.0.40219.1
Project("{FAE04EC0-301F-11D3-BF4B-00C04F79EFBC}") = "EMS", "EMS\EMS.csproj", "{DE17E4FE-6B46-4608-8ECE-238A871191CB}"
EndProject
Global
	GlobalSection(SolutionConfigurationPlatforms) = preSolution
		Debug|Any CPU = Debug|Any CPU
		Release|Any CPU = Release|Any CPU
	EndGlobalSection
	GlobalSection(ProjectConfigurationPlatforms) = postSolution
		{DE17E4FE-6B46-4608-8ECE-238A871191CB}.Debug|Any CPU.ActiveCfg = Debug|Any CPU
		{DE17E4FE-6B46-4608-8ECE-238A871191CB}.Debug|Any CPU.Build.0 = Debug|Any CPU
		{DE17E4FE-6B46-4608-8ECE-238A871191CB}.Release|Any CPU.ActiveCfg = Release|Any CPU
		{DE17E4FE-6B46-4608-8ECE-238A871191CB}.Release|Any CPU.Build.0 = Release|Any CPU
	EndGlobalSection
	GlobalSection(SolutionProperties) = preSolution
		HideSolutionNode = FALSE
	EndGlobalSection
	GlobalSection(ExtensibilityGlobals) = postSolution
		SolutionGuid = {0AC0C194-390F-47E1-8F20-2E4BC4CF569F}
	EndGlobalSection
EndGlobal
